PODS:
  - AXPhotoViewer (1.2.20):
    - AXPhotoViewer/Lite (= 1.2.20)
  - AXPhotoViewer/Core (1.2.20):
    - AXStateButton
    - FLAnimatedImage
    - NVActivityIndicatorView
    - SnapKit
    - VIMediaCache
  - AXPhotoViewer/Lite (1.2.20):
    - AXPhotoViewer/Core
  - AXStateButton (1.1.4)
  - DRPLoadingSpinner (1.3.1):
    - DRPLoadingSpinner/core (= 1.3.1)
  - DRPLoadingSpinner/core (1.3.1)
  - FLAnimatedImage (1.0.12)
  - NVActivityIndicatorView (4.6.1):
    - NVActivityIndicatorView/Presenter (= 4.6.1)
  - NVActivityIndicatorView/Presenter (4.6.1)
  - Reveal-SDK (20)
  - SnapKit (4.2.0)
  - VIMediaCache (0.4)

DEPENDENCIES:
  - AXPhotoViewer (from `../AXPhotoViewer.podspec`)
  - DRPLoadingSpinner
  - Reveal-SDK

SPEC REPOS:
  https://github.com/cocoapods/specs.git:
    - AXStateButton
    - DRPLoadingSpinner
    - FLAnimatedImage
    - NVActivityIndicatorView
    - Reveal-SDK
    - SnapKit
    - VIMediaCache

EXTERNAL SOURCES:
  AXPhotoViewer:
    :path: "../AXPhotoViewer.podspec"

SPEC CHECKSUMS:
  AXPhotoViewer: e60e1cdda66cafa656a755f2283d6551d697effd
  AXStateButton: 6c515a433e37551505046429b5be04c12daa8c07
  DRPLoadingSpinner: 725e530bf4ebe2cc351b1fbc94d24fe8ac3300fd
  FLAnimatedImage: 4a0b56255d9b05f18b6dd7ee06871be5d3b89e31
  NVActivityIndicatorView: 4ca19fccc84595a78957336a086d00a49be6ce61
  Reveal-SDK: 43206a57f575632fd304e85385cc259b5d359e32
  SnapKit: fe8a619752f3f27075cc9a90244d75c6c3f27e2a
  VIMediaCache: aa650f82cb114c68a343beb4e67416cf5eb2f3a2

PODFILE CHECKSUM: 1a5082e76b10da00185af6bc764589b7a551e257

COCOAPODS: 1.5.3
